
Microsoft Visual Studio Solution File, Format Version 12.00
# Visual Studio Version 17
VisualStudioVersion = 17.3.32901.215
MinimumVisualStudioVersion = 10.0.40219.1
Project("{9A19103F-16F7-4668-BE54-9A1E7A4F7556}") = "W5G7GZ_HFT_2023241.Models", "..\W5G7GZ_HFT_2023241.Models\W5G7GZ_HFT_2023241.Models.csproj", "{B6CF1330-CE5F-471B-B586-3418E4A7F15F}"
EndProject
Project("{9A19103F-16F7-4668-BE54-9A1E7A4F7556}") = "W5G7GZ_HFT_2023241.Logic", "..\W5G7GZ_HFT_2023241.Logic\W5G7GZ_HFT_2023241.Logic.csproj", "{9D1DC0C4-1162-4F5F-AA42-F0A307D30195}"
EndProject
Project("{9A19103F-16F7-4668-BE54-9A1E7A4F7556}") = "W5G7GZ_HFT_2023241.Repository", "..\W5G7GZ_HFT_2023241.Repository\W5G7GZ_HFT_2023241.Repository.csproj", "{B2C6EDEF-44B3-4177-B410-48B63ABA9445}"
EndProject
Project("{9A19103F-16F7-4668-BE54-9A1E7A4F7556}") = "W5G7GZ_HFT_2023241.Endpoint", "..\W5G7GZ_HFT_2023241.Endpoint\W5G7GZ_HFT_2023241.Endpoint.csproj", "{E3A7E3D7-4D15-476F-AF13-9F4049FDDA6F}"
EndProject
Project("{9A19103F-16F7-4668-BE54-9A1E7A4F7556}") = "W5G7GZ_HFT_2023241.Test", "..\W5G7GZ_HFT_2023241.Test\W5G7GZ_HFT_2023241.Test.csproj", "{B1D5B027-6B0A-45D3-9D27-E29DB2E6C6FA}"
EndProject
Project("{9A19103F-16F7-4668-BE54-9A1E7A4F7556}") = "W5G7GZ_HFT_2023241.Client", "..\W5G7GZ_HFT_2023241.Client\W5G7GZ_HFT_2023241.Client.csproj", "{BC355162-94B7-4C3A-B4A4-2F85468D6941}"
EndProject
Project("{2150E333-8FDC-42A3-9474-1A3956D46DE8}") = "Backend", "Backend", "{D8E98897-7388-46E3-A076-4A6C48635681}"
EndProject
Project("{2150E333-8FDC-42A3-9474-1A3956D46DE8}") = "Frontend", "Frontend", "{A6701583-4477-4680-8793-06F0F2FF8532}"
EndProject
Project("{2150E333-8FDC-42A3-9474-1A3956D46DE8}") = "Shared", "Shared", "{6EB4D960-2ADC-479C-942C-D0670F0CEF35}"
EndProject
Project("{2150E333-8FDC-42A3-9474-1A3956D46DE8}") = "Others", "Others", "{0E6E26E1-75F6-4FFA-A968-AFCB1EE8B35A}"
	ProjectSection(SolutionItems) = preProject
		..\W5G7GZ_HFT_2023241.Models\.gitignore = ..\W5G7GZ_HFT_2023241.Models\.gitignore
	EndProjectSection
EndProject
Global
	GlobalSection(SolutionConfigurationPlatforms) = preSolution
		Debug|Any CPU = Debug|Any CPU
		Release|Any CPU = Release|Any CPU
	EndGlobalSection
	GlobalSection(ProjectConfigurationPlatforms) = postSolution
		{B6CF1330-CE5F-471B-B586-3418E4A7F15F}.Debug|Any CPU.ActiveCfg = Debug|Any CPU
		{B6CF1330-CE5F-471B-B586-3418E4A7F15F}.Debug|Any CPU.Build.0 = Debug|Any CPU
		{B6CF1330-CE5F-471B-B586-3418E4A7F15F}.Release|Any CPU.ActiveCfg = Release|Any CPU
		{B6CF1330-CE5F-471B-B586-3418E4A7F15F}.Release|Any CPU.Build.0 = Release|Any CPU
		{9D1DC0C4-1162-4F5F-AA42-F0A307D30195}.Debug|Any CPU.ActiveCfg = Debug|Any CPU
		{9D1DC0C4-1162-4F5F-AA42-F0A307D30195}.Debug|Any CPU.Build.0 = Debug|Any CPU
		{9D1DC0C4-1162-4F5F-AA42-F0A307D30195}.Release|Any CPU.ActiveCfg = Release|Any CPU
		{9D1DC0C4-1162-4F5F-AA42-F0A307D30195}.Release|Any CPU.Build.0 = Release|Any CPU
		{B2C6EDEF-44B3-4177-B410-48B63ABA9445}.Debug|Any CPU.ActiveCfg = Debug|Any CPU
		{B2C6EDEF-44B3-4177-B410-48B63ABA9445}.Debug|Any CPU.Build.0 = Debug|Any CPU
		{B2C6EDEF-44B3-4177-B410-48B63ABA9445}.Release|Any CPU.ActiveCfg = Release|Any CPU
		{B2C6EDEF-44B3-4177-B410-48B63ABA9445}.Release|Any CPU.Build.0 = Release|Any CPU
		{E3A7E3D7-4D15-476F-AF13-9F4049FDDA6F}.Debug|Any CPU.ActiveCfg = Debug|Any CPU
		{E3A7E3D7-4D15-476F-AF13-9F4049FDDA6F}.Debug|Any CPU.Build.0 = Debug|Any CPU
		{E3A7E3D7-4D15-476F-AF13-9F4049FDDA6F}.Release|Any CPU.ActiveCfg = Release|Any CPU
		{E3A7E3D7-4D15-476F-AF13-9F4049FDDA6F}.Release|Any CPU.Build.0 = Release|Any CPU
		{B1D5B027-6B0A-45D3-9D27-E29DB2E6C6FA}.Debug|Any CPU.ActiveCfg = Debug|Any CPU
		{B1D5B027-6B0A-45D3-9D27-E29DB2E6C6FA}.Debug|Any CPU.Build.0 = Debug|Any CPU
		{B1D5B027-6B0A-45D3-9D27-E29DB2E6C6FA}.Release|Any CPU.ActiveCfg = Release|Any CPU
		{B1D5B027-6B0A-45D3-9D27-E29DB2E6C6FA}.Release|Any CPU.Build.0 = Release|Any CPU
		{BC355162-94B7-4C3A-B4A4-2F85468D6941}.Debug|Any CPU.ActiveCfg = Debug|Any CPU
		{BC355162-94B7-4C3A-B4A4-2F85468D6941}.Debug|Any CPU.Build.0 = Debug|Any CPU
		{BC355162-94B7-4C3A-B4A4-2F85468D6941}.Release|Any CPU.ActiveCfg = Release|Any CPU
		{BC355162-94B7-4C3A-B4A4-2F85468D6941}.Release|Any CPU.Build.0 = Release|Any CPU
	EndGlobalSection
	GlobalSection(SolutionProperties) = preSolution
		HideSolutionNode = FALSE
	EndGlobalSection
	GlobalSection(NestedProjects) = preSolution
		{B6CF1330-CE5F-471B-B586-3418E4A7F15F} = {6EB4D960-2ADC-479C-942C-D0670F0CEF35}
		{9D1DC0C4-1162-4F5F-AA42-F0A307D30195} = {D8E98897-7388-46E3-A076-4A6C48635681}
		{B2C6EDEF-44B3-4177-B410-48B63ABA9445} = {D8E98897-7388-46E3-A076-4A6C48635681}
		{E3A7E3D7-4D15-476F-AF13-9F4049FDDA6F} = {D8E98897-7388-46E3-A076-4A6C48635681}
		{B1D5B027-6B0A-45D3-9D27-E29DB2E6C6FA} = {D8E98897-7388-46E3-A076-4A6C48635681}
		{BC355162-94B7-4C3A-B4A4-2F85468D6941} = {A6701583-4477-4680-8793-06F0F2FF8532}
	EndGlobalSection
	GlobalSection(ExtensibilityGlobals) = postSolution
		SolutionGuid = {93657D1A-0835-4C49-81EF-ED9E9D9934D1}
	EndGlobalSection
EndGlobal
